
Microsoft Visual Studio Solution File, Format Version 12.00
# Visual Studio Version 17
VisualStudioVersion = 17.5.002.0
MinimumVisualStudioVersion = 10.0.40219.1
Project("{9A19103F-16F7-4668-BE54-9A1E7A4F7556}") = "RoomCoordinates", "RoomCoordinates\RoomCoordinates.csproj", "{22176AA4-DA6D-4B86-8B4C-B9BD63262F91}"
EndProject
Project("{9A19103F-16F7-4668-BE54-9A1E7A4F7556}") = "RobotInterface", "RobotInterface\RobotInterface.csproj", "{65E2B04C-D901-466D-AE9E-051EA6AD82B6}"
EndProject
Project("{9A19103F-16F7-4668-BE54-9A1E7A4F7556}") = "WarPreparation", "WarPreparation\WarPreparation.csproj", "{6793C512-9323-442E-ADE2-C4EE313C11CA}"
EndProject
Project("{9A19103F-16F7-4668-BE54-9A1E7A4F7556}") = "RockPaperScissors", "RockPaperScissors\RockPaperScissors.csproj", "{E634708C-055B-4CF4-804B-03EA6289FC2B}"
EndProject
Project("{9A19103F-16F7-4668-BE54-9A1E7A4F7556}") = "ColoredItems", "ColoredItems\ColoredItems.csproj", "{77D8EE3A-1D7A-4A3B-9026-C577945DF24C}"
EndProject
Project("{2150E333-8FDC-42A3-9474-1A3956D46DE8}") = "CatacombsOfTheClass", "CatacombsOfTheClass", "{33C8A5D1-2BC0-49C0-8E2D-5D61793AB525}"
EndProject
Project("{9A19103F-16F7-4668-BE54-9A1E7A4F7556}") = "TheCard", "CatacombsOfTheClass\TheCard\TheCard.csproj", "{E8A82FFF-E284-41F0-9AB0-A031A285D36C}"
EndProject
Project("{9A19103F-16F7-4668-BE54-9A1E7A4F7556}") = "TheLockedDoor", "CatacombsOfTheClass\TheLockedDoor\TheLockedDoor.csproj", "{35F806B3-E736-4A0F-A405-079542A4E5CA}"
EndProject
Project("{9A19103F-16F7-4668-BE54-9A1E7A4F7556}") = "ThePasswordValidator", "CatacombsOfTheClass\ThePasswordValidator\ThePasswordValidator.csproj", "{F5CB3687-5BD5-471B-8AAE-CD20549857B6}"
EndProject
Project("{9A19103F-16F7-4668-BE54-9A1E7A4F7556}") = "TheColor", "CatacombsOfTheClass\TheColor\TheColor.csproj", "{43747EB5-FFEA-41A0-A480-74D356C43C45}"
EndProject
Project("{9A19103F-16F7-4668-BE54-9A1E7A4F7556}") = "Puzzle15", "CatacombsOfTheClass\Puzzle15\Puzzle15.csproj", "{92799F25-CD65-4A96-9C26-46690135F627}"
EndProject
Project("{9A19103F-16F7-4668-BE54-9A1E7A4F7556}") = "ThePoint", "CatacombsOfTheClass\ThePoint\ThePoint.csproj", "{DBA70B37-5073-4672-AA00-7DAA493FB83C}"
EndProject
Project("{2150E333-8FDC-42A3-9474-1A3956D46DE8}") = "26-Polymorphism", "26-Polymorphism", "{A908B33F-91C9-4BF6-A9E5-5A98F2739D64}"
EndProject
Project("{9A19103F-16F7-4668-BE54-9A1E7A4F7556}") = "TheOldRobot", "26-Polymorphism\TheOldRobot\TheOldRobot.csproj", "{291FBFB0-CA91-4CFE-80D5-B2C603D2E7E0}"
EndProject
Project("{2150E333-8FDC-42A3-9474-1A3956D46DE8}") = "25-Inheritance", "25-Inheritance", "{246CB653-BC0B-484D-9F5A-7570E9C86D90}"
EndProject
Project("{9A19103F-16F7-4668-BE54-9A1E7A4F7556}") = "PackingInventory", "25-Inheritance\PackingInventory\PackingInventory.csproj", "{FF2AECF3-45C8-4C2C-8B57-16D5AE93DE78}"
EndProject
Project("{2150E333-8FDC-42A3-9474-1A3956D46DE8}") = "Debut", "Debut", "{B9E5FDF1-2D2A-4701-B1C0-51E646012FD7}"
EndProject
Project("{9A19103F-16F7-4668-BE54-9A1E7A4F7556}") = "TheDefenseOfConsolas", "Debut\TheDefenseOfConsolas\TheDefenseOfConsolas.csproj", "{FB1C442C-DACD-4F86-BF03-F3616D758B10}"
EndProject
Project("{9A19103F-16F7-4668-BE54-9A1E7A4F7556}") = "Watchtower", "Debut\Watchtower\Watchtower.csproj", "{469535C7-FEFE-4950-B8C5-BA131ECB8FDD}"
EndProject
Project("{9A19103F-16F7-4668-BE54-9A1E7A4F7556}") = "CountDown", "Debut\CountDown\CountDown.csproj", "{30DA4358-6820-427F-80CB-3520C3C99DD9}"
EndProject
Project("{9A19103F-16F7-4668-BE54-9A1E7A4F7556}") = "VinFletchersArrows", "Debut\VinFletchersArrows\VinFletchersArrows.csproj", "{F2D7B080-7D3C-4BD3-AD84-19B1673F994D}"
EndProject
Project("{9A19103F-16F7-4668-BE54-9A1E7A4F7556}") = "BuyingInventory", "Debut\BuyingInventory\BuyingInventory.csproj", "{13CB6C60-8AE3-48BF-83EF-B70E8F853001}"
EndProject
Project("{9A19103F-16F7-4668-BE54-9A1E7A4F7556}") = "FirstApp", "Debut\FirstApp\FirstApp.csproj", "{98ADCF05-4921-416A-B965-057F7FBFB0EA}"
EndProject
Project("{9A19103F-16F7-4668-BE54-9A1E7A4F7556}") = "RepairingTheClockTower", "Debut\RepairingTheClockTower\RepairingTheClockTower.csproj", "{7A362E1A-3E2D-439A-B049-04A8BDF51ABD}"
EndProject
Project("{9A19103F-16F7-4668-BE54-9A1E7A4F7556}") = "TakingANumber", "Debut\TakingANumber\TakingANumber.csproj", "{95594BA3-EA73-4940-9573-AD39DFA439EF}"
EndProject
Global
	GlobalSection(SolutionConfigurationPlatforms) = preSolution
		Debug|Any CPU = Debug|Any CPU
		Release|Any CPU = Release|Any CPU
	EndGlobalSection
	GlobalSection(ProjectConfigurationPlatforms) = postSolution
		{22176AA4-DA6D-4B86-8B4C-B9BD63262F91}.Debug|Any CPU.ActiveCfg = Debug|Any CPU
		{22176AA4-DA6D-4B86-8B4C-B9BD63262F91}.Debug|Any CPU.Build.0 = Debug|Any CPU
		{22176AA4-DA6D-4B86-8B4C-B9BD63262F91}.Release|Any CPU.ActiveCfg = Release|Any CPU
		{22176AA4-DA6D-4B86-8B4C-B9BD63262F91}.Release|Any CPU.Build.0 = Release|Any CPU
		{65E2B04C-D901-466D-AE9E-051EA6AD82B6}.Debug|Any CPU.ActiveCfg = Debug|Any CPU
		{65E2B04C-D901-466D-AE9E-051EA6AD82B6}.Debug|Any CPU.Build.0 = Debug|Any CPU
		{65E2B04C-D901-466D-AE9E-051EA6AD82B6}.Release|Any CPU.ActiveCfg = Release|Any CPU
		{65E2B04C-D901-466D-AE9E-051EA6AD82B6}.Release|Any CPU.Build.0 = Release|Any CPU
		{6793C512-9323-442E-ADE2-C4EE313C11CA}.Debug|Any CPU.ActiveCfg = Debug|Any CPU
		{6793C512-9323-442E-ADE2-C4EE313C11CA}.Debug|Any CPU.Build.0 = Debug|Any CPU
		{6793C512-9323-442E-ADE2-C4EE313C11CA}.Release|Any CPU.ActiveCfg = Release|Any CPU
		{6793C512-9323-442E-ADE2-C4EE313C11CA}.Release|Any CPU.Build.0 = Release|Any CPU
		{E634708C-055B-4CF4-804B-03EA6289FC2B}.Debug|Any CPU.ActiveCfg = Debug|Any CPU
		{E634708C-055B-4CF4-804B-03EA6289FC2B}.Debug|Any CPU.Build.0 = Debug|Any CPU
		{E634708C-055B-4CF4-804B-03EA6289FC2B}.Release|Any CPU.ActiveCfg = Release|Any CPU
		{E634708C-055B-4CF4-804B-03EA6289FC2B}.Release|Any CPU.Build.0 = Release|Any CPU
		{77D8EE3A-1D7A-4A3B-9026-C577945DF24C}.Debug|Any CPU.ActiveCfg = Debug|Any CPU
		{77D8EE3A-1D7A-4A3B-9026-C577945DF24C}.Debug|Any CPU.Build.0 = Debug|Any CPU
		{77D8EE3A-1D7A-4A3B-9026-C577945DF24C}.Release|Any CPU.ActiveCfg = Release|Any CPU
		{77D8EE3A-1D7A-4A3B-9026-C577945DF24C}.Release|Any CPU.Build.0 = Release|Any CPU
		{E8A82FFF-E284-41F0-9AB0-A031A285D36C}.Debug|Any CPU.ActiveCfg = Debug|Any CPU
		{E8A82FFF-E284-41F0-9AB0-A031A285D36C}.Debug|Any CPU.Build.0 = Debug|Any CPU
		{E8A82FFF-E284-41F0-9AB0-A031A285D36C}.Release|Any CPU.ActiveCfg = Release|Any CPU
		{E8A82FFF-E284-41F0-9AB0-A031A285D36C}.Release|Any CPU.Build.0 = Release|Any CPU
		{35F806B3-E736-4A0F-A405-079542A4E5CA}.Debug|Any CPU.ActiveCfg = Debug|Any CPU
		{35F806B3-E736-4A0F-A405-079542A4E5CA}.Debug|Any CPU.Build.0 = Debug|Any CPU
		{35F806B3-E736-4A0F-A405-079542A4E5CA}.Release|Any CPU.ActiveCfg = Release|Any CPU
		{35F806B3-E736-4A0F-A405-079542A4E5CA}.Release|Any CPU.Build.0 = Release|Any CPU
		{F5CB3687-5BD5-471B-8AAE-CD20549857B6}.Debug|Any CPU.ActiveCfg = Debug|Any CPU
		{F5CB3687-5BD5-471B-8AAE-CD20549857B6}.Debug|Any CPU.Build.0 = Debug|Any CPU
		{F5CB3687-5BD5-471B-8AAE-CD20549857B6}.Release|Any CPU.ActiveCfg = Release|Any CPU
		{F5CB3687-5BD5-471B-8AAE-CD20549857B6}.Release|Any CPU.Build.0 = Release|Any CPU
		{43747EB5-FFEA-41A0-A480-74D356C43C45}.Debug|Any CPU.ActiveCfg = Debug|Any CPU
		{43747EB5-FFEA-41A0-A480-74D356C43C45}.Debug|Any CPU.Build.0 = Debug|Any CPU
		{43747EB5-FFEA-41A0-A480-74D356C43C45}.Release|Any CPU.ActiveCfg = Release|Any CPU
		{43747EB5-FFEA-41A0-A480-74D356C43C45}.Release|Any CPU.Build.0 = Release|Any CPU
		{92799F25-CD65-4A96-9C26-46690135F627}.Debug|Any CPU.ActiveCfg = Debug|Any CPU
		{92799F25-CD65-4A96-9C26-46690135F627}.Debug|Any CPU.Build.0 = Debug|Any CPU
		{92799F25-CD65-4A96-9C26-46690135F627}.Release|Any CPU.ActiveCfg = Release|Any CPU
		{92799F25-CD65-4A96-9C26-46690135F627}.Release|Any CPU.Build.0 = Release|Any CPU
		{DBA70B37-5073-4672-AA00-7DAA493FB83C}.Debug|Any CPU.ActiveCfg = Debug|Any CPU
		{DBA70B37-5073-4672-AA00-7DAA493FB83C}.Debug|Any CPU.Build.0 = Debug|Any CPU
		{DBA70B37-5073-4672-AA00-7DAA493FB83C}.Release|Any CPU.ActiveCfg = Release|Any CPU
		{DBA70B37-5073-4672-AA00-7DAA493FB83C}.Release|Any CPU.Build.0 = Release|Any CPU
		{291FBFB0-CA91-4CFE-80D5-B2C603D2E7E0}.Debug|Any CPU.ActiveCfg = Debug|Any CPU
		{291FBFB0-CA91-4CFE-80D5-B2C603D2E7E0}.Debug|Any CPU.Build.0 = Debug|Any CPU
		{291FBFB0-CA91-4CFE-80D5-B2C603D2E7E0}.Release|Any CPU.ActiveCfg = Release|Any CPU
		{291FBFB0-CA91-4CFE-80D5-B2C603D2E7E0}.Release|Any CPU.Build.0 = Release|Any CPU
		{FF2AECF3-45C8-4C2C-8B57-16D5AE93DE78}.Debug|Any CPU.ActiveCfg = Debug|Any CPU
		{FF2AECF3-45C8-4C2C-8B57-16D5AE93DE78}.Debug|Any CPU.Build.0 = Debug|Any CPU
		{FF2AECF3-45C8-4C2C-8B57-16D5AE93DE78}.Release|Any CPU.ActiveCfg = Release|Any CPU
		{FF2AECF3-45C8-4C2C-8B57-16D5AE93DE78}.Release|Any CPU.Build.0 = Release|Any CPU
		{FB1C442C-DACD-4F86-BF03-F3616D758B10}.Debug|Any CPU.ActiveCfg = Debug|Any CPU
		{FB1C442C-DACD-4F86-BF03-F3616D758B10}.Debug|Any CPU.Build.0 = Debug|Any CPU
		{FB1C442C-DACD-4F86-BF03-F3616D758B10}.Release|Any CPU.ActiveCfg = Release|Any CPU
		{FB1C442C-DACD-4F86-BF03-F3616D758B10}.Release|Any CPU.Build.0 = Release|Any CPU
		{469535C7-FEFE-4950-B8C5-BA131ECB8FDD}.Debug|Any CPU.ActiveCfg = Debug|Any CPU
		{469535C7-FEFE-4950-B8C5-BA131ECB8FDD}.Debug|Any CPU.Build.0 = Debug|Any CPU
		{469535C7-FEFE-4950-B8C5-BA131ECB8FDD}.Release|Any CPU.ActiveCfg = Release|Any CPU
		{469535C7-FEFE-4950-B8C5-BA131ECB8FDD}.Release|Any CPU.Build.0 = Release|Any CPU
		{30DA4358-6820-427F-80CB-3520C3C99DD9}.Debug|Any CPU.ActiveCfg = Debug|Any CPU
		{30DA4358-6820-427F-80CB-3520C3C99DD9}.Debug|Any CPU.Build.0 = Debug|Any CPU
		{30DA4358-6820-427F-80CB-3520C3C99DD9}.Release|Any CPU.ActiveCfg = Release|Any CPU
		{30DA4358-6820-427F-80CB-3520C3C99DD9}.Release|Any CPU.Build.0 = Release|Any CPU
		{F2D7B080-7D3C-4BD3-AD84-19B1673F994D}.Debug|Any CPU.ActiveCfg = Debug|Any CPU
		{F2D7B080-7D3C-4BD3-AD84-19B1673F994D}.Debug|Any CPU.Build.0 = Debug|Any CPU
		{F2D7B080-7D3C-4BD3-AD84-19B1673F994D}.Release|Any CPU.ActiveCfg = Release|Any CPU
		{F2D7B080-7D3C-4BD3-AD84-19B1673F994D}.Release|Any CPU.Build.0 = Release|Any CPU
		{13CB6C60-8AE3-48BF-83EF-B70E8F853001}.Debug|Any CPU.ActiveCfg = Debug|Any CPU
		{13CB6C60-8AE3-48BF-83EF-B70E8F853001}.Debug|Any CPU.Build.0 = Debug|Any CPU
		{13CB6C60-8AE3-48BF-83EF-B70E8F853001}.Release|Any CPU.ActiveCfg = Release|Any CPU
		{13CB6C60-8AE3-48BF-83EF-B70E8F853001}.Release|Any CPU.Build.0 = Release|Any CPU
		{98ADCF05-4921-416A-B965-057F7FBFB0EA}.Debug|Any CPU.ActiveCfg = Debug|Any CPU
		{98ADCF05-4921-416A-B965-057F7FBFB0EA}.Debug|Any CPU.Build.0 = Debug|Any CPU
		{98ADCF05-4921-416A-B965-057F7FBFB0EA}.Release|Any CPU.ActiveCfg = Release|Any CPU
		{98ADCF05-4921-416A-B965-057F7FBFB0EA}.Release|Any CPU.Build.0 = Release|Any CPU
		{7A362E1A-3E2D-439A-B049-04A8BDF51ABD}.Debug|Any CPU.ActiveCfg = Debug|Any CPU
		{7A362E1A-3E2D-439A-B049-04A8BDF51ABD}.Debug|Any CPU.Build.0 = Debug|Any CPU
		{7A362E1A-3E2D-439A-B049-04A8BDF51ABD}.Release|Any CPU.ActiveCfg = Release|Any CPU
		{7A362E1A-3E2D-439A-B049-04A8BDF51ABD}.Release|Any CPU.Build.0 = Release|Any CPU
		{95594BA3-EA73-4940-9573-AD39DFA439EF}.Debug|Any CPU.ActiveCfg = Debug|Any CPU
		{95594BA3-EA73-4940-9573-AD39DFA439EF}.Debug|Any CPU.Build.0 = Debug|Any CPU
		{95594BA3-EA73-4940-9573-AD39DFA439EF}.Release|Any CPU.ActiveCfg = Release|Any CPU
		{95594BA3-EA73-4940-9573-AD39DFA439EF}.Release|Any CPU.Build.0 = Release|Any CPU
	EndGlobalSection
	GlobalSection(SolutionProperties) = preSolution
		HideSolutionNode = FALSE
	EndGlobalSection
	GlobalSection(NestedProjects) = preSolution
		{E8A82FFF-E284-41F0-9AB0-A031A285D36C} = {33C8A5D1-2BC0-49C0-8E2D-5D61793AB525}
		{35F806B3-E736-4A0F-A405-079542A4E5CA} = {33C8A5D1-2BC0-49C0-8E2D-5D61793AB525}
		{F5CB3687-5BD5-471B-8AAE-CD20549857B6} = {33C8A5D1-2BC0-49C0-8E2D-5D61793AB525}
		{43747EB5-FFEA-41A0-A480-74D356C43C45} = {33C8A5D1-2BC0-49C0-8E2D-5D61793AB525}
		{92799F25-CD65-4A96-9C26-46690135F627} = {33C8A5D1-2BC0-49C0-8E2D-5D61793AB525}
		{DBA70B37-5073-4672-AA00-7DAA493FB83C} = {33C8A5D1-2BC0-49C0-8E2D-5D61793AB525}
		{291FBFB0-CA91-4CFE-80D5-B2C603D2E7E0} = {A908B33F-91C9-4BF6-A9E5-5A98F2739D64}
		{FF2AECF3-45C8-4C2C-8B57-16D5AE93DE78} = {246CB653-BC0B-484D-9F5A-7570E9C86D90}
		{FB1C442C-DACD-4F86-BF03-F3616D758B10} = {B9E5FDF1-2D2A-4701-B1C0-51E646012FD7}
		{469535C7-FEFE-4950-B8C5-BA131ECB8FDD} = {B9E5FDF1-2D2A-4701-B1C0-51E646012FD7}
		{30DA4358-6820-427F-80CB-3520C3C99DD9} = {B9E5FDF1-2D2A-4701-B1C0-51E646012FD7}
		{F2D7B080-7D3C-4BD3-AD84-19B1673F994D} = {B9E5FDF1-2D2A-4701-B1C0-51E646012FD7}
		{13CB6C60-8AE3-48BF-83EF-B70E8F853001} = {B9E5FDF1-2D2A-4701-B1C0-51E646012FD7}
		{98ADCF05-4921-416A-B965-057F7FBFB0EA} = {B9E5FDF1-2D2A-4701-B1C0-51E646012FD7}
		{7A362E1A-3E2D-439A-B049-04A8BDF51ABD} = {B9E5FDF1-2D2A-4701-B1C0-51E646012FD7}
		{95594BA3-EA73-4940-9573-AD39DFA439EF} = {B9E5FDF1-2D2A-4701-B1C0-51E646012FD7}
	EndGlobalSection
	GlobalSection(ExtensibilityGlobals) = postSolution
		SolutionGuid = {22D3E6AC-460E-47D1-89D6-C1A893CDF419}
	EndGlobalSection
EndGlobal
